
Microsoft Visual Studio Solution File, Format Version 12.00
# Visual Studio Version 16
VisualStudioVersion = 16.0.31321.278
MinimumVisualStudioVersion = 10.0.40219.1
Project("{FAE04EC0-301F-11D3-BF4B-00C04F79EFBC}") = "ConsoleApp1", "ConsoleApp1\ConsoleApp1.csproj", "{45D65246-B8C6-40F0-B0DB-7C8DA9AF9B73}"
EndProject
Global
	GlobalSection(SolutionConfigurationPlatforms) = preSolution
		Debug|Any CPU = Debug|Any CPU
		Release|Any CPU = Release|Any CPU
	EndGlobalSection
	GlobalSection(ProjectConfigurationPlatforms) = postSolution
		{45D65246-B8C6-40F0-B0DB-7C8DA9AF9B73}.Debug|Any CPU.ActiveCfg = Debug|Any CPU
		{45D65246-B8C6-40F0-B0DB-7C8DA9AF9B73}.Debug|Any CPU.Build.0 = Debug|Any CPU
		{45D65246-B8C6-40F0-B0DB-7C8DA9AF9B73}.Release|Any CPU.ActiveCfg = Release|Any CPU
		{45D65246-B8C6-40F0-B0DB-7C8DA9AF9B73}.Release|Any CPU.Build.0 = Release|Any CPU
	EndGlobalSection
	GlobalSection(SolutionProperties) = preSolution
		HideSolutionNode = FALSE
	EndGlobalSection
	GlobalSection(ExtensibilityGlobals) = postSolution
		SolutionGuid = {83A40B51-D75C-4113-99B9-BA5AE6C20A7F}
	EndGlobalSection
EndGlobal
